# This file is automatically @generated by Cargo.
# It is not intended for manual editing.
version = 4

[[package]]
name = "adler2"
version = "2.0.1"
source = "registry+https://github.com/rust-lang/crates.io-index"
checksum = "320119579fcad9c21884f5c4861d16174d0e06250625266f50fe6898340abefa"

[[package]]
name = "aho-corasick"
version = "1.1.4"
source = "registry+https://github.com/rust-lang/crates.io-index"
checksum = "ddd31a130427c27518df266943a5308ed92d4b226cc639f5a8f1002816174301"
dependencies = [
 "memchr",
]

[[package]]
name = "allocator-api2"
version = "0.2.21"
source = "registry+https://github.com/rust-lang/crates.io-index"
checksum = "683d7910e743518b0e34f1186f92494becacb047c7b6bf616c96772180fef923"

[[package]]
name = "async-channel"
version = "1.9.0"
source = "registry+https://github.com/rust-lang/crates.io-index"
checksum = "81953c529336010edd6d8e358f886d9581267795c61b19475b71314bffa46d35"
dependencies = [
 "concurrent-queue",
 "event-listener 2.5.3",
 "futures-core",
]

[[package]]
name = "async-channel"
version = "2.5.0"
source = "registry+https://github.com/rust-lang/crates.io-index"
checksum = "924ed96dd52d1b75e9c1a3e6275715fd320f5f9439fb5a4a11fa51f4221158d2"
dependencies = [
 "concurrent-queue",
 "event-listener-strategy",
 "futures-core",
 "pin-project-lite",
]

[[package]]
name = "async-compression"
version = "0.4.41"
source = "registry+https://github.com/rust-lang/crates.io-index"
checksum = "d0f9ee0f6e02ffd7ad5816e9464499fba7b3effd01123b515c41d1697c43dad1"
dependencies = [
 "compression-codecs",
 "compression-core",
 "pin-project-lite",
 "tokio",
]

[[package]]
name = "async-imap"
version = "0.11.3"
source = "registry+https://github.com/rust-lang/crates.io-index"
checksum = "9a6728e0f7931b36d725ac234fcb02539e9f7888dbeaaa8a18d9ea5792181570"
dependencies = [
 "async-channel 2.5.0",
 "async-compression",
 "base64 0.22.1",
 "bytes",
 "chrono",
 "futures",
 "imap-proto",
 "log",
 "nom",
 "pin-project",
 "pin-utils",
 "self_cell",
 "stop-token",
 "thiserror 1.0.69",
 "tokio",
]

[[package]]
name = "autocfg"
version = "1.5.0"
source = "registry+https://github.com/rust-lang/crates.io-index"
checksum = "c08606f8c3cbf4ce6ec8e28fb0014a2c086708fe954eaa885384a6165172e7e8"

[[package]]
name = "base64"
version = "0.13.1"
source = "registry+https://github.com/rust-lang/crates.io-index"
checksum = "9e1b586273c5702936fe7b7d6896644d8be71e6314cfe09d3167c95f712589e8"

[[package]]
name = "base64"
version = "0.22.1"
source = "registry+https://github.com/rust-lang/crates.io-index"
checksum = "72b3254f16251a8381aa12e40e3c4d2f0199f8c6508fbecb9d91f575e0fbb8c6"

[[package]]
name = "bitflags"
version = "2.11.1"
source = "registry+https://github.com/rust-lang/crates.io-index"
checksum = "c4512299f36f043ab09a583e57bceb5a5aab7a73db1805848e8fef3c9e8c78b3"

[[package]]
name = "block-buffer"
version = "0.12.0"
source = "registry+https://github.com/rust-lang/crates.io-index"
checksum = "cdd35008169921d80bc60d3d0ab416eecb028c4cd653352907921d95084790be"
dependencies = [
 "hybrid-array",
]

[[package]]
name = "bumpalo"
version = "3.20.2"
source = "registry+https://github.com/rust-lang/crates.io-index"
checksum = "5d20789868f4b01b2f2caec9f5c4e0213b41e3e5702a50157d699ae31ced2fcb"

[[package]]
name = "bytes"
version = "1.11.1"
source = "registry+https://github.com/rust-lang/crates.io-index"
checksum = "1e748733b7cbc798e1434b6ac524f0c1ff2ab456fe201501e6497c8417a4fc33"

[[package]]
name = "cc"
version = "1.2.60"
source = "registry+https://github.com/rust-lang/crates.io-index"
checksum = "43c5703da9466b66a946814e1adf53ea2c90f10063b86290cc9eb67ce3478a20"
dependencies = [
 "find-msvc-tools",
 "shlex",
]

[[package]]
name = "cfg-if"
version = "1.0.4"
source = "registry+https://github.com/rust-lang/crates.io-index"
checksum = "9330f8b2ff13f34540b44e946ef35111825727b38d33286ef986142615121801"

[[package]]
name = "chrono"
version = "0.4.44"
source = "registry+https://github.com/rust-lang/crates.io-index"
checksum = "c673075a2e0e5f4a1dde27ce9dee1ea4558c7ffe648f576438a20ca1d2acc4b0"
dependencies = [
 "num-traits",
]

[[package]]
name = "compression-codecs"
version = "0.4.37"
source = "registry+https://github.com/rust-lang/crates.io-index"
checksum = "eb7b51a7d9c967fc26773061ba86150f19c50c0d65c887cb1fbe295fd16619b7"
dependencies = [
 "compression-core",
 "flate2",
]

[[package]]
name = "compression-core"
version = "0.4.31"
source = "registry+https://github.com/rust-lang/crates.io-index"
checksum = "75984efb6ed102a0d42db99afb6c1948f0380d1d91808d5529916e6c08b49d8d"

[[package]]
name = "concurrent-queue"
version = "2.5.0"
source = "registry+https://github.com/rust-lang/crates.io-index"
checksum = "4ca0197aee26d1ae37445ee532fefce43251d24cc7c166799f4d46817f1d3973"
dependencies = [
 "crossbeam-utils",
]

[[package]]
name = "const-oid"
version = "0.10.2"
source = "registry+https://github.com/rust-lang/crates.io-index"
checksum = "a6ef517f0926dd24a1582492c791b6a4818a4d94e789a334894aa15b0d12f55c"

[[package]]
name = "core-foundation"
version = "0.9.4"
source = "registry+https://github.com/rust-lang/crates.io-index"
checksum = "91e195e091a93c46f7102ec7818a2aa394e1e1771c3ab4825963fa03e45afb8f"
dependencies = [
 "core-foundation-sys",
 "libc",
]

[[package]]
name = "core-foundation"
version = "0.10.1"
source = "registry+https://github.com/rust-lang/crates.io-index"
checksum = "b2a6cd9ae233e7f62ba4e9353e81a88df7fc8a5987b8d445b4d90c879bd156f6"
dependencies = [
 "core-foundation-sys",
 "libc",
]

[[package]]
name = "core-foundation-sys"
version = "0.8.7"
source = "registry+https://github.com/rust-lang/crates.io-index"
checksum = "773648b94d0e5d620f64f280777445740e61fe701025087ec8b57f45c791888b"

[[package]]
name = "cpufeatures"
version = "0.3.0"
source = "registry+https://github.com/rust-lang/crates.io-index"
checksum = "8b2a41393f66f16b0823bb79094d54ac5fbd34ab292ddafb9a0456ac9f87d201"
dependencies = [
 "libc",
]

[[package]]
name = "crc32fast"
version = "1.5.0"
source = "registry+https://github.com/rust-lang/crates.io-index"
checksum = "9481c1c90cbf2ac953f07c8d4a58aa3945c425b7185c9154d67a65e4230da511"
dependencies = [
 "cfg-if",
]

[[package]]
name = "crossbeam-utils"
version = "0.8.21"
source = "registry+https://github.com/rust-lang/crates.io-index"
checksum = "d0a5c400df2834b80a4c3327b3aad3a4c4cd4de0629063962b03235697506a28"

[[package]]
name = "crypto-common"
version = "0.2.1"
source = "registry+https://github.com/rust-lang/crates.io-index"
checksum = "77727bb15fa921304124b128af125e7e3b968275d1b108b379190264f4423710"
dependencies = [
 "hybrid-array",
]

[[package]]
name = "dashmap"
version = "6.1.0"
source = "registry+https://github.com/rust-lang/crates.io-index"
checksum = "5041cc499144891f3790297212f32a74fb938e5136a14943f338ef9e0ae276cf"
dependencies = [
 "cfg-if",
 "crossbeam-utils",
 "hashbrown 0.14.5",
 "lock_api",
 "once_cell",
 "parking_lot_core",
]

[[package]]
name = "dbus"
version = "0.9.10"
source = "registry+https://github.com/rust-lang/crates.io-index"
checksum = "21b3aa68d7e7abee336255bd7248ea965cc393f3e70411135a6f6a4b651345d4"
dependencies = [
 "libc",
 "libdbus-sys",
 "windows-sys 0.59.0",
]

[[package]]
name = "dbus-secret-service"
version = "4.1.0"
source = "registry+https://github.com/rust-lang/crates.io-index"
checksum = "708b509edf7889e53d7efb0ffadd994cc6c2345ccb62f55cfd6b0682165e4fa6"
dependencies = [
 "dbus",
 "zeroize",
]

[[package]]
name = "deranged"
version = "0.5.8"
source = "registry+https://github.com/rust-lang/crates.io-index"
checksum = "7cd812cc2bc1d69d4764bd80df88b4317eaef9e773c75226407d9bc0876b211c"
dependencies = [
 "serde_core",
]

[[package]]
name = "digest"
version = "0.11.2"
source = "registry+https://github.com/rust-lang/crates.io-index"
checksum = "4850db49bf08e663084f7fb5c87d202ef91a3907271aff24a94eb97ff039153c"
dependencies = [
 "block-buffer",
 "const-oid",
 "crypto-common",
]

[[package]]
name = "directories"
version = "6.0.0"
source = "registry+https://github.com/rust-lang/crates.io-index"
checksum = "16f5094c54661b38d03bd7e50df373292118db60b585c08a411c6d840017fe7d"
dependencies = [
 "dirs-sys",
]

[[package]]
name = "dirs-sys"
version = "0.5.0"
source = "registry+https://github.com/rust-lang/crates.io-index"
checksum = "e01a3366d27ee9890022452ee61b2b63a67e6f13f58900b651ff5665f0bb1fab"
dependencies = [
 "libc",
 "option-ext",
 "redox_users",
 "windows-sys 0.61.2",
]

[[package]]
name = "dyn-clone"
version = "1.0.20"
source = "registry+https://github.com/rust-lang/crates.io-index"
checksum = "d0881ea181b1df73ff77ffaaf9c7544ecc11e82fba9b5f27b262a3c73a332555"

[[package]]
name = "encoding_rs"
version = "0.8.35"
source = "registry+https://github.com/rust-lang/crates.io-index"
checksum = "75030f3c4f45dafd7586dd6780965a8c7e8e285a5ecb86713e63a79c5b2766f3"
dependencies = [
 "cfg-if",
]

[[package]]
name = "equivalent"
version = "1.0.2"
source = "registry+https://github.com/rust-lang/crates.io-index"
checksum = "877a4ace8713b0bcf2a4e7eec82529c029f1d0619886d18145fea96c3ffe5c0f"

[[package]]
name = "event-listener"
version = "2.5.3"
source = "registry+https://github.com/rust-lang/crates.io-index"
checksum = "0206175f82b8d6bf6652ff7d71a1e27fd2e4efde587fd368662814d6ec1d9ce0"

[[package]]
name = "event-listener"
version = "5.4.1"
source = "registry+https://github.com/rust-lang/crates.io-index"
checksum = "e13b66accf52311f30a0db42147dadea9850cb48cd070028831ae5f5d4b856ab"
dependencies = [
 "concurrent-queue",
 "parking",
 "pin-project-lite",
]

[[package]]
name = "event-listener-strategy"
version = "0.5.4"
source = "registry+https://github.com/rust-lang/crates.io-index"
checksum = "8be9f3dfaaffdae2972880079a491a1a8bb7cbed0b8dd7a347f668b4150a3b93"
dependencies = [
 "event-listener 5.4.1",
 "pin-project-lite",
]

[[package]]
name = "find-msvc-tools"
version = "0.1.9"
source = "registry+https://github.com/rust-lang/crates.io-index"
checksum = "5baebc0774151f905a1a2cc41989300b1e6fbb29aff0ceffa1064fdd3088d582"

[[package]]
name = "flate2"
version = "1.1.9"
source = "registry+https://github.com/rust-lang/crates.io-index"
checksum = "843fba2746e448b37e26a819579957415c8cef339bf08564fe8b7ddbd959573c"
dependencies = [
 "crc32fast",
 "miniz_oxide",
]

[[package]]
name = "foldhash"
version = "0.2.0"
source = "registry+https://github.com/rust-lang/crates.io-index"
checksum = "77ce24cb58228fbb8aa041425bb1050850ac19177686ea6e0f41a70416f56fdb"

[[package]]
name = "futures"
version = "0.3.32"
source = "registry+https://github.com/rust-lang/crates.io-index"
checksum = "8b147ee9d1f6d097cef9ce628cd2ee62288d963e16fb287bd9286455b241382d"
dependencies = [
 "futures-channel",
 "futures-core",
 "futures-executor",
 "futures-io",
 "futures-sink",
 "futures-task",
 "futures-util",
]

[[package]]
name = "futures-channel"
version = "0.3.32"
source = "registry+https://github.com/rust-lang/crates.io-index"
checksum = "07bbe89c50d7a535e539b8c17bc0b49bdb77747034daa8087407d655f3f7cc1d"
dependencies = [
 "futures-core",
 "futures-sink",
]

[[package]]
name = "futures-core"
version = "0.3.32"
source = "registry+https://github.com/rust-lang/crates.io-index"
checksum = "7e3450815272ef58cec6d564423f6e755e25379b217b0bc688e295ba24df6b1d"

[[package]]
name = "futures-executor"
version = "0.3.32"
source = "registry+https://github.com/rust-lang/crates.io-index"
checksum = "baf29c38818342a3b26b5b923639e7b1f4a61fc5e76102d4b1981c6dc7a7579d"
dependencies = [
 "futures-core",
 "futures-task",
 "futures-util",
]

[[package]]
name = "futures-io"
version = "0.3.32"
source = "registry+https://github.com/rust-lang/crates.io-index"
checksum = "cecba35d7ad927e23624b22ad55235f2239cfa44fd10428eecbeba6d6a717718"

[[package]]
name = "futures-macro"
version = "0.3.32"
source = "registry+https://github.com/rust-lang/crates.io-index"
checksum = "e835b70203e41293343137df5c0664546da5745f82ec9b84d40be8336958447b"
dependencies = [
 "proc-macro2",
 "quote",
 "syn 2.0.117",
]

[[package]]
name = "futures-sink"
version = "0.3.32"
source = "registry+https://github.com/rust-lang/crates.io-index"
checksum = "c39754e157331b013978ec91992bde1ac089843443c49cbc7f46150b0fad0893"

[[package]]
name = "futures-task"
version = "0.3.32"
source = "registry+https://github.com/rust-lang/crates.io-index"
checksum = "037711b3d59c33004d3856fbdc83b99d4ff37a24768fa1be9ce3538a1cde4393"

[[package]]
name = "futures-timer"
version = "3.0.3"
source = "registry+https://github.com/rust-lang/crates.io-index"
checksum = "f288b0a4f20f9a56b5d1da57e2227c661b7b16168e2f72365f57b63326e29b24"

[[package]]
name = "futures-util"
version = "0.3.32"
source = "registry+https://github.com/rust-lang/crates.io-index"
checksum = "389ca41296e6190b48053de0321d02a77f32f8a5d2461dd38762c0593805c6d6"
dependencies = [
 "futures-channel",
 "futures-core",
 "futures-io",
 "futures-macro",
 "futures-sink",
 "futures-task",
 "memchr",
 "pin-project-lite",
 "slab",
]

[[package]]
name = "getrandom"
version = "0.2.17"
source = "registry+https://github.com/rust-lang/crates.io-index"
checksum = "ff2abc00be7fca6ebc474524697ae276ad847ad0a6b3faa4bcb027e9a4614ad0"
dependencies = [
 "cfg-if",
 "libc",
 "wasi",
]

[[package]]
name = "getrandom"
version = "0.3.4"
source = "registry+https://github.com/rust-lang/crates.io-index"
checksum = "899def5c37c4fd7b2664648c28120ecec138e4d395b459e5ca34f9cce2dd77fd"
dependencies = [
 "cfg-if",
 "js-sys",
 "libc",
 "r-efi",
 "wasip2",
 "wasm-bindgen",
]

[[package]]
name = "governor"
version = "0.10.4"
source = "registry+https://github.com/rust-lang/crates.io-index"
checksum = "9efcab3c1958580ff1f25a2a41be1668f7603d849bb63af523b208a3cc1223b8"
dependencies = [
 "cfg-if",
 "dashmap",
 "futures-sink",
 "futures-timer",
 "futures-util",
 "getrandom 0.3.4",
 "hashbrown 0.16.1",
 "nonzero_ext",
 "parking_lot",
 "portable-atomic",
 "quanta",
 "rand",
 "smallvec",
 "spinning_top",
 "web-time",
]

[[package]]
name = "hashbrown"
version = "0.14.5"
source = "registry+https://github.com/rust-lang/crates.io-index"
checksum = "e5274423e17b7c9fc20b6e7e208532f9b19825d82dfd615708b70edd83df41f1"

[[package]]
name = "hashbrown"
version = "0.16.1"
source = "registry+https://github.com/rust-lang/crates.io-index"
checksum = "841d1cc9bed7f9236f321df977030373f4a4163ae1a7dbfe1a51a2c1a51d9100"
dependencies = [
 "allocator-api2",
 "equivalent",
 "foldhash",
]

[[package]]
name = "hashbrown"
version = "0.17.0"
source = "registry+https://github.com/rust-lang/crates.io-index"
checksum = "4f467dd6dccf739c208452f8014c75c18bb8301b050ad1cfb27153803edb0f51"

[[package]]
name = "heck"
version = "0.5.0"
source = "registry+https://github.com/rust-lang/crates.io-index"
checksum = "2304e00983f87ffb38b55b444b5e3b60a884b5d30c0fca7d82fe33449bbe55ea"

[[package]]
name = "hex"
version = "0.4.3"
source = "registry+https://github.com/rust-lang/crates.io-index"
checksum = "7f24254aa9a54b5c858eaee2f5bccdb46aaf0e486a595ed5fd8f86ba55232a70"

[[package]]
name = "hybrid-array"
version = "0.4.11"
source = "registry+https://github.com/rust-lang/crates.io-index"
checksum = "08d46837a0ed51fe95bd3b05de33cd64a1ee88fc797477ca48446872504507c5"
dependencies = [
 "typenum",
]

[[package]]
name = "imap-proto"
version = "0.16.6"
source = "registry+https://github.com/rust-lang/crates.io-index"
checksum = "ba1f9b30846c3d04371159ef3a0413ce7c1ae0a8c619cd255c60b3d902553f22"
dependencies = [
 "nom",
]

[[package]]
name = "indexmap"
version = "2.14.0"
source = "registry+https://github.com/rust-lang/crates.io-index"
checksum = "d466e9454f08e4a911e14806c24e16fba1b4c121d1ea474396f396069cf949d9"
dependencies = [
 "equivalent",
 "hashbrown 0.17.0",
]

[[package]]
name = "itoa"
version = "1.0.18"
source = "registry+https://github.com/rust-lang/crates.io-index"
checksum = "8f42a60cbdf9a97f5d2305f08a87dc4e09308d1276d28c869c684d7777685682"

[[package]]
name = "js-sys"
version = "0.3.95"
source = "registry+https://github.com/rust-lang/crates.io-index"
checksum = "2964e92d1d9dc3364cae4d718d93f227e3abb088e747d92e0395bfdedf1c12ca"
dependencies = [
 "once_cell",
 "wasm-bindgen",
]

[[package]]
name = "keyring"
version = "3.6.3"
source = "registry+https://github.com/rust-lang/crates.io-index"
checksum = "eebcc3aff044e5944a8fbaf69eb277d11986064cba30c468730e8b9909fb551c"
dependencies = [
 "dbus-secret-service",
 "linux-keyutils",
 "log",
 "security-framework 2.11.1",
 "security-framework 3.7.0",
 "zeroize",
]

[[package]]
name = "libc"
version = "0.2.189"
source = "registry+https://github.com/rust-lang/crates.io-index"
checksum = "3eaf3ede3fee6db1a4c2ee091bf8a8b4dccdc6d17f656fb07896ee72867612f2"

[[package]]
name = "libdbus-sys"
version = "0.2.7"
source = "registry+https://github.com/rust-lang/crates.io-index"
checksum = "328c4789d42200f1eeec05bd86c9c13c7f091d2ba9a6ea35acdf51f31bc0f043"
dependencies = [
 "pkg-config",
]

[[package]]
name = "libredox"
version = "0.1.16"
source = "registry+https://github.com/rust-lang/crates.io-index"
checksum = "e02f3bb43d335493c96bf3fd3a321600bf6bd07ed34bc64118e9293bdffea46c"
dependencies = [
 "libc",
]

[[package]]
name = "linux-keyutils"
version = "0.2.5"
source = "registry+https://github.com/rust-lang/crates.io-index"
checksum = "83270a18e9f90d0707c41e9f35efada77b64c0e6f3f1810e71c8368a864d5590"
dependencies = [
 "bitflags",
 "libc",
]

[[package]]
name = "lock_api"
version = "0.4.14"
source = "registry+https://github.com/rust-lang/crates.io-index"
checksum = "224399e74b87b5f3557511d98dff8b14089b3dadafcab6bb93eab67d3aace965"
dependencies = [
 "scopeguard",
]

[[package]]
name = "log"
version = "0.4.29"
source = "registry+https://github.com/rust-lang/crates.io-index"
checksum = "5e5032e24019045c762d3c0f28f5b6b8bbf38563a65908389bf7978758920897"

[[package]]
name = "memchr"
version = "2.8.0"
source = "registry+https://github.com/rust-lang/crates.io-index"
checksum = "f8ca58f447f06ed17d5fc4043ce1b10dd205e060fb3ce5b979b8ed8e59ff3f79"

[[package]]
name = "minimal-lexical"
version = "0.2.1"
source = "registry+https://github.com/rust-lang/crates.io-index"
checksum = "68354c5c6bd36d73ff3feceb05efa59b6acb7626617f4962be322a825e61f79a"

[[package]]
name = "miniz_oxide"
version = "0.8.9"
source = "registry+https://github.com/rust-lang/crates.io-index"
checksum = "1fa76a2c86f704bdb222d66965fb3d63269ce38518b83cb0575fca855ebb6316"
dependencies = [
 "adler2",
 "simd-adler32",
]

[[package]]
name = "mio"
version = "1.2.0"
source = "registry+https://github.com/rust-lang/crates.io-index"
checksum = "50b7e5b27aa02a74bac8c3f23f448f8d87ff11f92d3aac1a6ed369ee08cc56c1"
dependencies = [
 "libc",
 "wasi",
 "windows-sys 0.61.2",
]

[[package]]
name = "nom"
version = "7.1.3"
source = "registry+https://github.com/rust-lang/crates.io-index"
checksum = "d273983c5a657a70a3e8f2a01329822f3b8c8172b73826411a55751e404a0a4a"
dependencies = [
 "memchr",
 "minimal-lexical",
]

[[package]]
name = "nonzero_ext"
version = "0.3.0"
source = "registry+https://github.com/rust-lang/crates.io-index"
checksum = "38bf9645c8b145698bb0b18a4637dcacbc421ea49bef2317e4fd8065a387cf21"

[[package]]
name = "num-conv"
version = "0.2.2"
source = "registry+https://github.com/rust-lang/crates.io-index"
checksum = "521739c6d2bac4aa25192232afe6841231376b2b26d4d9fae5ecf8ca5772e441"

[[package]]
name = "num-traits"
version = "0.2.19"
source = "registry+https://github.com/rust-lang/crates.io-index"
checksum = "071dfc062690e90b734c0b2273ce72ad0ffa95f0c74596bc250dcfd960262841"
dependencies = [
 "autocfg",
]

[[package]]
name = "once_cell"
version = "1.21.4"
source = "registry+https://github.com/rust-lang/crates.io-index"
checksum = "9f7c3e4beb33f85d45ae3e3a1792185706c8e16d043238c593331cc7cd313b50"

[[package]]
name = "option-ext"
version = "0.2.0"
source = "registry+https://github.com/rust-lang/crates.io-index"
checksum = "04744f49eae99ab78e0d5c0b603ab218f515ea8cfe5a456d7629ad883a3b6e7d"

[[package]]
name = "parking"
version = "2.2.1"
source = "registry+https://github.com/rust-lang/crates.io-index"
checksum = "f38d5652c16fde515bb1ecef450ab0f6a219d619a7274976324d5e377f7dceba"

[[package]]
name = "parking_lot"
version = "0.12.5"
source = "registry+https://github.com/rust-lang/crates.io-index"
checksum = "93857453250e3077bd71ff98b6a65ea6621a19bb0f559a85248955ac12c45a1a"
dependencies = [
 "lock_api",
 "parking_lot_core",
]

[[package]]
name = "parking_lot_core"
version = "0.9.12"
source = "registry+https://github.com/rust-lang/crates.io-index"
checksum = "2621685985a2ebf1c516881c026032ac7deafcda1a2c9b7850dc81e3dfcb64c1"
dependencies = [
 "cfg-if",
 "libc",
 "redox_syscall",
 "smallvec",
 "windows-link",
]

[[package]]
name = "pin-project"
version = "1.1.11"
source = "registry+https://github.com/rust-lang/crates.io-index"
checksum = "f1749c7ed4bcaf4c3d0a3efc28538844fb29bcdd7d2b67b2be7e20ba861ff517"
dependencies = [
 "pin-project-internal",
]

[[package]]
name = "pin-project-internal"
version = "1.1.11"
source = "registry+https://github.com/rust-lang/crates.io-index"
checksum = "d9b20ed30f105399776b9c883e68e536ef602a16ae6f596d2c473591d6ad64c6"
dependencies = [
 "proc-macro2",
 "quote",
 "syn 2.0.117",
]

[[package]]
name = "pin-project-lite"
version = "0.2.17"
source = "registry+https://github.com/rust-lang/crates.io-index"
checksum = "a89322df9ebe1c1578d689c92318e070967d1042b512afbe49518723f4e6d5cd"

[[package]]
name = "pin-utils"
version = "0.1.0"
source = "registry+https://github.com/rust-lang/crates.io-index"
checksum = "8b870d8c151b6f2fb93e84a13146138f05d02ed11c7e7c54f8826aaaf7c9f184"

[[package]]
name = "pkg-config"
version = "0.3.33"
source = "registry+https://github.com/rust-lang/crates.io-index"
checksum = "19f132c84eca552bf34cab8ec81f1c1dcc229b811638f9d283dceabe58c5569e"

[[package]]
name = "portable-atomic"
version = "1.13.1"
source = "registry+https://github.com/rust-lang/crates.io-index"
checksum = "c33a9471896f1c69cecef8d20cbe2f7accd12527ce60845ff44c153bb2a21b49"

[[package]]
name = "powerfmt"
version = "0.2.0"
source = "registry+https://github.com/rust-lang/crates.io-index"
checksum = "439ee305def115ba05938db6eb1644ff94165c5ab5e9420d1c1bcedbba909391"

[[package]]
name = "ppv-lite86"
version = "0.2.21"
source = "registry+https://github.com/rust-lang/crates.io-index"
checksum = "85eae3c4ed2f50dcfe72643da4befc30deadb458a9b590d720cde2f2b1e97da9"
dependencies = [
 "zerocopy",
]

[[package]]
name = "proc-macro2"
version = "1.0.106"
source = "registry+https://github.com/rust-lang/crates.io-index"
checksum = "8fd00f0bb2e90d81d1044c2b32617f68fcb9fa3bb7640c23e9c748e53fb30934"
dependencies = [
 "unicode-ident",
]

[[package]]
name = "quanta"
version = "0.12.6"
source = "registry+https://github.com/rust-lang/crates.io-index"
checksum = "f3ab5a9d756f0d97bdc89019bd2e4ea098cf9cde50ee7564dde6b81ccc8f06c7"
dependencies = [
 "crossbeam-utils",
 "libc",
 "once_cell",
 "raw-cpuid",
 "wasi",
 "web-sys",
 "winapi",
]

[[package]]
name = "quote"
version = "1.0.45"
source = "registry+https://github.com/rust-lang/crates.io-index"
checksum = "41f2619966050689382d2b44f664f4bc593e129785a36d6ee376ddf37259b924"
dependencies = [
 "proc-macro2",
]

[[package]]
name = "r-efi"
version = "5.3.0"
source = "registry+https://github.com/rust-lang/crates.io-index"
checksum = "69cdb34c158ceb288df11e18b4bd39de994f6657d83847bdffdbd7f346754b0f"

[[package]]
name = "rand"
version = "0.9.4"
source = "registry+https://github.com/rust-lang/crates.io-index"
checksum = "44c5af06bb1b7d3216d91932aed5265164bf384dc89cd6ba05cf59a35f5f76ea"
dependencies = [
 "rand_chacha",
 "rand_core",
]

[[package]]
name = "rand_chacha"
version = "0.9.0"
source = "registry+https://github.com/rust-lang/crates.io-index"
checksum = "d3022b5f1df60f26e1ffddd6c66e8aa15de382ae63b3a0c1bfc0e4d3e3f325cb"
dependencies = [
 "ppv-lite86",
 "rand_core",
]

[[package]]
name = "rand_core"
version = "0.9.5"
source = "registry+https://github.com/rust-lang/crates.io-index"
checksum = "76afc826de14238e6e8c374ddcc1fa19e374fd8dd986b0d2af0d02377261d83c"
dependencies = [
 "getrandom 0.3.4",
]

[[package]]
name = "raw-cpuid"
version = "11.6.0"
source = "registry+https://github.com/rust-lang/crates.io-index"
checksum = "498cd0dc59d73224351ee52a95fee0f1a617a2eae0e7d9d720cc622c73a54186"
dependencies = [
 "bitflags",
]

[[package]]
name = "redox_syscall"
version = "0.5.18"
source = "registry+https://github.com/rust-lang/crates.io-index"
checksum = "ed2bf2547551a7053d6fdfafda3f938979645c44812fbfcda098faae3f1a362d"
dependencies = [
 "bitflags",
]

[[package]]
name = "redox_users"
version = "0.5.2"
source = "registry+https://github.com/rust-lang/crates.io-index"
checksum = "a4e608c6638b9c18977b00b475ac1f28d14e84b27d8d42f70e0bf1e3dec127ac"
dependencies = [
 "getrandom 0.2.17",
 "libredox",
 "thiserror 2.0.19",
]

[[package]]
name = "ref-cast"
version = "1.0.25"
source = "registry+https://github.com/rust-lang/crates.io-index"
checksum = "f354300ae66f76f1c85c5f84693f0ce81d747e2c3f21a45fef496d89c960bf7d"
dependencies = [
 "ref-cast-impl",
]

[[package]]
name = "ref-cast-impl"
version = "1.0.25"
source = "registry+https://github.com/rust-lang/crates.io-index"
checksum = "b7186006dcb21920990093f30e3dea63b7d6e977bf1256be20c3563a5db070da"
dependencies = [
 "proc-macro2",
 "quote",
 "syn 2.0.117",
]

[[package]]
name = "regex"
version = "1.12.3"
source = "registry+https://github.com/rust-lang/crates.io-index"
checksum = "e10754a14b9137dd7b1e3e5b0493cc9171fdd105e0ab477f51b72e7f3ac0e276"
dependencies = [
 "aho-corasick",
 "memchr",
 "regex-automata",
 "regex-syntax",
]

[[package]]
name = "regex-automata"
version = "0.4.18"
source = "registry+https://github.com/rust-lang/crates.io-index"
checksum = "ad8553b9b26413251cbf30e620595c7a41b3887f03da04579c0e6b0d6a06b4b2"
dependencies = [
 "aho-corasick",
 "memchr",
 "regex-syntax",
]

[[package]]
name = "regex-syntax"
version = "0.8.10"
source = "registry+https://github.com/rust-lang/crates.io-index"
checksum = "dc897dd8d9e8bd1ed8cdad82b5966c3e0ecae09fb1907d58efaa013543185d0a"

[[package]]
name = "rimap-authz"
version = "0.3.0-dev"
dependencies = [
 "governor",
 "parking_lot",
 "rimap-config",
 "rimap-core",
 "thiserror 2.0.19",
 "utf7-imap",
]

[[package]]
name = "rimap-config"
version = "0.3.0-dev"
dependencies = [
 "directories",
 "keyring",
 "rimap-core",
 "rpassword",
 "secrecy",
 "serde",
 "sha2",
 "thiserror 2.0.19",
 "toml",
 "tracing",
 "utf7-imap",
]

[[package]]
name = "rimap-core"
version = "0.3.0-dev"
dependencies = [
 "hex",
 "schemars",
 "secrecy",
 "serde",
 "serde_json",
 "sha2",
 "strum",
 "subtle",
 "thiserror 2.0.19",
]

[[package]]
name = "rimap-imap"
version = "0.3.0-dev"
dependencies = [
 "async-channel 2.5.0",
 "async-imap",
 "futures-util",
 "rimap-core",
 "rustls",
 "secrecy",
 "thiserror 2.0.19",
 "time",
 "tokio",
 "tokio-rustls",
 "tracing",
 "webpki-roots",
]

[[package]]
name = "rimap-imap-e0639-probe"
version = "0.0.0"
dependencies = [
 "rimap-authz",
 "rimap-imap",
]

[[package]]
name = "ring"
version = "0.17.14"
source = "registry+https://github.com/rust-lang/crates.io-index"
checksum = "a4689e6c2294d81e88dc6261c768b63bc4fcdb852be6d1352498b114f61383b7"
dependencies = [
 "cc",
 "cfg-if",
 "getrandom 0.2.17",
 "libc",
 "untrusted",
 "windows-sys 0.52.0",
]

[[package]]
name = "rpassword"
version = "7.5.4"
source = "registry+https://github.com/rust-lang/crates.io-index"
checksum = "2da316a15f47e3d053de9cb2c439650bd8fa4aaeb9365f2e5f27f492ff73c196"
dependencies = [
 "libc",
 "rtoolbox",
 "windows-sys 0.61.2",
]

[[package]]
name = "rtoolbox"
version = "0.0.5"
source = "registry+https://github.com/rust-lang/crates.io-index"
checksum = "50a0e551c1e27e1731aba276dbeaeac73f53c7cd34d1bda485d02bd1e0f36844"
dependencies = [
 "libc",
 "windows-sys 0.59.0",
]

[[package]]
name = "rustls"
version = "0.23.42"
source = "registry+https://github.com/rust-lang/crates.io-index"
checksum = "3c54fcab019b409d04215d3a17cb438fd7fbf192ee61461f20f4fe18704bc138"
dependencies = [
 "log",
 "once_cell",
 "ring",
 "rustls-pki-types",
 "rustls-webpki",
 "subtle",
 "zeroize",
]

[[package]]
name = "rustls-pki-types"
version = "1.14.0"
source = "registry+https://github.com/rust-lang/crates.io-index"
checksum = "be040f8b0a225e40375822a563fa9524378b9d63112f53e19ffff34df5d33fdd"
dependencies = [
 "zeroize",
]

[[package]]
name = "rustls-webpki"
version = "0.103.13"
source = "registry+https://github.com/rust-lang/crates.io-index"
checksum = "61c429a8649f110dddef65e2a5ad240f747e85f7758a6bccc7e5777bd33f756e"
dependencies = [
 "ring",
 "rustls-pki-types",
 "untrusted",
]

[[package]]
name = "rustversion"
version = "1.0.22"
source = "registry+https://github.com/rust-lang/crates.io-index"
checksum = "b39cdef0fa800fc44525c84ccb54a029961a8215f9619753635a9c0d2538d46d"

[[package]]
name = "schemars"
version = "1.2.2"
source = "registry+https://github.com/rust-lang/crates.io-index"
checksum = "687274d293b6cdc6e73e0fee520bf2049650090d7164f87672d212a3c530cf4a"
dependencies = [
 "dyn-clone",
 "ref-cast",
 "schemars_derive",
 "serde",
 "serde_json",
]

[[package]]
name = "schemars_derive"
version = "1.2.2"
source = "registry+https://github.com/rust-lang/crates.io-index"
checksum = "d98c67716b46af2f0b8cf752abc930f6f9aecfbf671ecfb531db8a31dbe4e2ba"
dependencies = [
 "proc-macro2",
 "quote",
 "serde_derive_internals",
 "syn 3.0.3",
]

[[package]]
name = "scopeguard"
version = "1.2.0"
source = "registry+https://github.com/rust-lang/crates.io-index"
checksum = "94143f37725109f92c262ed2cf5e59bce7498c01bcc1502d7b9afe439a4e9f49"

[[package]]
name = "secrecy"
version = "0.10.3"
source = "registry+https://github.com/rust-lang/crates.io-index"
checksum = "e891af845473308773346dc847b2c23ee78fe442e0472ac50e22a18a93d3ae5a"
dependencies = [
 "zeroize",
]

[[package]]
name = "security-framework"
version = "2.11.1"
source = "registry+https://github.com/rust-lang/crates.io-index"
checksum = "897b2245f0b511c87893af39b033e5ca9cce68824c4d7e7630b5a1d339658d02"
dependencies = [
 "bitflags",
 "core-foundation 0.9.4",
 "core-foundation-sys",
 "libc",
 "security-framework-sys",
]

[[package]]
name = "security-framework"
version = "3.7.0"
source = "registry+https://github.com/rust-lang/crates.io-index"
checksum = "b7f4bc775c73d9a02cde8bf7b2ec4c9d12743edf609006c7facc23998404cd1d"
dependencies = [
 "bitflags",
 "core-foundation 0.10.1",
 "core-foundation-sys",
 "libc",
 "security-framework-sys",
]

[[package]]
name = "security-framework-sys"
version = "2.17.0"
source = "registry+https://github.com/rust-lang/crates.io-index"
checksum = "6ce2691df843ecc5d231c0b14ece2acc3efb62c0a398c7e1d875f3983ce020e3"
dependencies = [
 "core-foundation-sys",
 "libc",
]

[[package]]
name = "self_cell"
version = "1.2.2"
source = "registry+https://github.com/rust-lang/crates.io-index"
checksum = "b12e76d157a900eb52e81bc6e9f3069344290341720e9178cde2407113ac8d89"

[[package]]
name = "serde"
version = "1.0.228"
source = "registry+https://github.com/rust-lang/crates.io-index"
checksum = "9a8e94ea7f378bd32cbbd37198a4a91436180c5bb472411e48b5ec2e2124ae9e"
dependencies = [
 "serde_core",
 "serde_derive",
]

[[package]]
name = "serde_core"
version = "1.0.228"
source = "registry+https://github.com/rust-lang/crates.io-index"
checksum = "41d385c7d4ca58e59fc732af25c3983b67ac852c1a25000afe1175de458b67ad"
dependencies = [
 "serde_derive",
]

[[package]]
name = "serde_derive"
version = "1.0.228"
source = "registry+https://github.com/rust-lang/crates.io-index"
checksum = "d540f220d3187173da220f885ab66608367b6574e925011a9353e4badda91d79"
dependencies = [
 "proc-macro2",
 "quote",
 "syn 2.0.117",
]

[[package]]
name = "serde_derive_internals"
version = "0.30.0"
source = "registry+https://github.com/rust-lang/crates.io-index"
checksum = "f852137cce035d6a4df67ccce505ff6b3e9fd3a10e3e52b24dc71e650bb1a9bd"
dependencies = [
 "proc-macro2",
 "quote",
 "syn 3.0.3",
]

[[package]]
name = "serde_json"
version = "1.0.151"
source = "registry+https://github.com/rust-lang/crates.io-index"
checksum = "c841b55ecdae098c80dcae9cf767f6f8a0c2cdb3416bbef72181df4d0fe73f14"
dependencies = [
 "itoa",
 "memchr",
 "serde",
 "serde_core",
 "zmij",
]

[[package]]
name = "serde_spanned"
version = "1.1.1"
source = "registry+https://github.com/rust-lang/crates.io-index"
checksum = "6662b5879511e06e8999a8a235d848113e942c9124f211511b16466ee2995f26"
dependencies = [
 "serde_core",
]

[[package]]
name = "sha2"
version = "0.11.0"
source = "registry+https://github.com/rust-lang/crates.io-index"
checksum = "446ba717509524cb3f22f17ecc096f10f4822d76ab5c0b9822c5f9c284e825f4"
dependencies = [
 "cfg-if",
 "cpufeatures",
 "digest",
]

[[package]]
name = "shlex"
version = "1.3.0"
source = "registry+https://github.com/rust-lang/crates.io-index"
checksum = "0fda2ff0d084019ba4d7c6f371c95d8fd75ce3524c3cb8fb653a3023f6323e64"

[[package]]
name = "simd-adler32"
version = "0.3.9"
source = "registry+https://github.com/rust-lang/crates.io-index"
checksum = "703d5c7ef118737c72f1af64ad2f6f8c5e1921f818cdcb97b8fe6fc69bf66214"

[[package]]
name = "slab"
version = "0.4.12"
source = "registry+https://github.com/rust-lang/crates.io-index"
checksum = "0c790de23124f9ab44544d7ac05d60440adc586479ce501c1d6d7da3cd8c9cf5"

[[package]]
name = "smallvec"
version = "1.15.1"
source = "registry+https://github.com/rust-lang/crates.io-index"
checksum = "67b1b7a3b5fe4f1376887184045fcf45c69e92af734b7aaddc05fb777b6fbd03"

[[package]]
name = "socket2"
version = "0.6.3"
source = "registry+https://github.com/rust-lang/crates.io-index"
checksum = "3a766e1110788c36f4fa1c2b71b387a7815aa65f88ce0229841826633d93723e"
dependencies = [
 "libc",
 "windows-sys 0.61.2",
]

[[package]]
name = "spinning_top"
version = "0.3.0"
source = "registry+https://github.com/rust-lang/crates.io-index"
checksum = "d96d2d1d716fb500937168cc09353ffdc7a012be8475ac7308e1bdf0e3923300"
dependencies = [
 "lock_api",
]

[[package]]
name = "stop-token"
version = "0.7.0"
source = "registry+https://github.com/rust-lang/crates.io-index"
checksum = "af91f480ee899ab2d9f8435bfdfc14d08a5754bd9d3fef1f1a1c23336aad6c8b"
dependencies = [
 "async-channel 1.9.0",
 "cfg-if",
 "futures-core",
 "pin-project-lite",
]

[[package]]
name = "strum"
version = "0.28.0"
source = "registry+https://github.com/rust-lang/crates.io-index"
checksum = "9628de9b8791db39ceda2b119bbe13134770b56c138ec1d3af810d045c04f9bd"
dependencies = [
 "strum_macros",
]

[[package]]
name = "strum_macros"
version = "0.28.0"
source = "registry+https://github.com/rust-lang/crates.io-index"
checksum = "ab85eea0270ee17587ed4156089e10b9e6880ee688791d45a905f5b1ca36f664"
dependencies = [
 "heck",
 "proc-macro2",
 "quote",
 "syn 2.0.117",
]

[[package]]
name = "subtle"
version = "2.6.1"
source = "registry+https://github.com/rust-lang/crates.io-index"
checksum = "13c2bddecc57b384dee18652358fb23172facb8a2c51ccc10d74c157bdea3292"

[[package]]
name = "syn"
version = "2.0.117"
source = "registry+https://github.com/rust-lang/crates.io-index"
checksum = "e665b8803e7b1d2a727f4023456bbbbe74da67099c585258af0ad9c5013b9b99"
dependencies = [
 "proc-macro2",
 "quote",
 "unicode-ident",
]

[[package]]
name = "syn"
version = "3.0.3"
source = "registry+https://github.com/rust-lang/crates.io-index"
checksum = "53e9bae58849f64dfa4f5d5ae372c8341f7305f82a3868709269343628b659a3"
dependencies = [
 "proc-macro2",
 "quote",
 "unicode-ident",
]

[[package]]
name = "thiserror"
version = "1.0.69"
source = "registry+https://github.com/rust-lang/crates.io-index"
checksum = "b6aaf5339b578ea85b50e080feb250a3e8ae8cfcdff9a461c9ec2904bc923f52"
dependencies = [
 "thiserror-impl 1.0.69",
]

[[package]]
name = "thiserror"
version = "2.0.19"
source = "registry+https://github.com/rust-lang/crates.io-index"
checksum = "09a43598840e33d5b0331f38c5e30d13bb11c11210a4b58f0d9b18a5a5eefcd9"
dependencies = [
 "thiserror-impl 2.0.19",
]

[[package]]
name = "thiserror-impl"
version = "1.0.69"
source = "registry+https://github.com/rust-lang/crates.io-index"
checksum = "4fee6c4efc90059e10f81e6d42c60a18f76588c3d74cb83a0b242a2b6c7504c1"
dependencies = [
 "proc-macro2",
 "quote",
 "syn 2.0.117",
]

[[package]]
name = "thiserror-impl"
version = "2.0.19"
source = "registry+https://github.com/rust-lang/crates.io-index"
checksum = "43cbfe0cf76104d42a574802844187e84a305e531ed54455f11fbde0f10541cd"
dependencies = [
 "proc-macro2",
 "quote",
 "syn 3.0.3",
]

[[package]]
name = "time"
version = "0.3.54"
source = "registry+https://github.com/rust-lang/crates.io-index"
checksum = "3e1d5e639ff6bab73cb6885cc7e7b1de96c3f32c68ec55f3952614bec1092244"
dependencies = [
 "deranged",
 "num-conv",
 "powerfmt",
 "serde_core",
 "time-core",
 "time-macros",
]

[[package]]
name = "time-core"
version = "0.1.9"
source = "registry+https://github.com/rust-lang/crates.io-index"
checksum = "9e1c906769ad99c88eaa54e728060edef082f8e358ff32030cb7c7d315e81109"

[[package]]
name = "time-macros"
version = "0.2.32"
source = "registry+https://github.com/rust-lang/crates.io-index"
checksum = "7e689342a48d2ea927c87ea50cabf8594854bf940e9310208848d680d668ed85"
dependencies = [
 "num-conv",
 "time-core",
]

[[package]]
name = "tokio"
version = "1.53.1"
source = "registry+https://github.com/rust-lang/crates.io-index"
checksum = "202caea871b69668250d242070849eb495be178ed697a3e98aebce5bc81a0bed"
dependencies = [
 "bytes",
 "libc",
 "mio",
 "pin-project-lite",
 "socket2",
 "tokio-macros",
 "windows-sys 0.61.2",
]

[[package]]
name = "tokio-macros"
version = "2.7.0"
source = "registry+https://github.com/rust-lang/crates.io-index"
checksum = "385a6cb71ab9ab790c5fe8d67f1645e6c450a7ce006a33de03daa956cf70a496"
dependencies = [
 "proc-macro2",
 "quote",
 "syn 2.0.117",
]

[[package]]
name = "tokio-rustls"
version = "0.26.4"
source = "registry+https://github.com/rust-lang/crates.io-index"
checksum = "1729aa945f29d91ba541258c8df89027d5792d85a8841fb65e8bf0f4ede4ef61"
dependencies = [
 "rustls",
 "tokio",
]

[[package]]
name = "toml"
version = "1.1.4+spec-1.1.0"
source = "registry+https://github.com/rust-lang/crates.io-index"
checksum = "3aace63f4bbcdfc2c965b059de67119c89c4017a70d633be6c104910f67056f5"
dependencies = [
 "indexmap",
 "serde_core",
 "serde_spanned",
 "toml_datetime",
 "toml_parser",
 "toml_writer",
 "winnow",
]

[[package]]
name = "toml_datetime"
version = "1.1.1+spec-1.1.0"
source = "registry+https://github.com/rust-lang/crates.io-index"
checksum = "3165f65f62e28e0115a00b2ebdd37eb6f3b641855f9d636d3cd4103767159ad7"
dependencies = [
 "serde_core",
]

[[package]]
name = "toml_parser"
version = "1.1.3+spec-1.1.0"
source = "registry+https://github.com/rust-lang/crates.io-index"
checksum = "1d38ac1cf9b95face32296c0a3ede1fdc270627c9d9c02a7274dd6d960dc4d56"
dependencies = [
 "winnow",
]

[[package]]
name = "toml_writer"
version = "1.1.2+spec-1.1.0"
source = "registry+https://github.com/rust-lang/crates.io-index"
checksum = "7d56353a2a665ad0f41a421187180aab746c8c325620617ad883a99a1cbe66d2"

[[package]]
name = "tracing"
version = "0.1.44"
source = "registry+https://github.com/rust-lang/crates.io-index"
checksum = "63e71662fa4b2a2c3a26f570f037eb95bb1f85397f3cd8076caed2f026a6d100"
dependencies = [
 "pin-project-lite",
 "tracing-attributes",
 "tracing-core",
]

[[package]]
name = "tracing-attributes"
version = "0.1.31"
source = "registry+https://github.com/rust-lang/crates.io-index"
checksum = "7490cfa5ec963746568740651ac6781f701c9c5ea257c58e057f3ba8cf69e8da"
dependencies = [
 "proc-macro2",
 "quote",
 "syn 2.0.117",
]

[[package]]
name = "tracing-core"
version = "0.1.36"
source = "registry+https://github.com/rust-lang/crates.io-index"
checksum = "db97caf9d906fbde555dd62fa95ddba9eecfd14cb388e4f491a66d74cd5fb79a"
dependencies = [
 "once_cell",
]

[[package]]
name = "typenum"
version = "1.20.0"
source = "registry+https://github.com/rust-lang/crates.io-index"
checksum = "40ce102ab67701b8526c123c1bab5cbe42d7040ccfd0f64af1a385808d2f43de"

[[package]]
name = "unicode-ident"
version = "1.0.24"
source = "registry+https://github.com/rust-lang/crates.io-index"
checksum = "e6e4313cd5fcd3dad5cafa179702e2b244f760991f45397d14d4ebf38247da75"

[[package]]
name = "untrusted"
version = "0.9.0"
source = "registry+https://github.com/rust-lang/crates.io-index"
checksum = "8ecb6da28b8a351d773b68d5825ac39017e680750f980f3a1a85cd8dd28a47c1"

[[package]]
name = "utf7-imap"
version = "0.3.2"
source = "registry+https://github.com/rust-lang/crates.io-index"
checksum = "5e326365261fc2761f0809dfb6032810534a0427bbd8f0edf546f6afeef89f5d"
dependencies = [
 "base64 0.13.1",
 "encoding_rs",
 "regex",
]

[[package]]
name = "wasi"
version = "0.11.1+wasi-snapshot-preview1"
source = "registry+https://github.com/rust-lang/crates.io-index"
checksum = "ccf3ec651a847eb01de73ccad15eb7d99f80485de043efb2f370cd654f4ea44b"

[[package]]
name = "wasip2"
version = "1.0.3+wasi-0.2.9"
source = "registry+https://github.com/rust-lang/crates.io-index"
checksum = "20064672db26d7cdc89c7798c48a0fdfac8213434a1186e5ef29fd560ae223d6"
dependencies = [
 "wit-bindgen",
]

[[package]]
name = "wasm-bindgen"
version = "0.2.118"
source = "registry+https://github.com/rust-lang/crates.io-index"
checksum = "0bf938a0bacb0469e83c1e148908bd7d5a6010354cf4fb73279b7447422e3a89"
dependencies = [
 "cfg-if",
 "once_cell",
 "rustversion",
 "wasm-bindgen-macro",
 "wasm-bindgen-shared",
]

[[package]]
name = "wasm-bindgen-macro"
version = "0.2.118"
source = "registry+https://github.com/rust-lang/crates.io-index"
checksum = "eeff24f84126c0ec2db7a449f0c2ec963c6a49efe0698c4242929da037ca28ed"
dependencies = [
 "quote",
 "wasm-bindgen-macro-support",
]

[[package]]
name = "wasm-bindgen-macro-support"
version = "0.2.118"
source = "registry+https://github.com/rust-lang/crates.io-index"
checksum = "9d08065faf983b2b80a79fd87d8254c409281cf7de75fc4b773019824196c904"
dependencies = [
 "bumpalo",
 "proc-macro2",
 "quote",
 "syn 2.0.117",
 "wasm-bindgen-shared",
]

[[package]]
name = "wasm-bindgen-shared"
version = "0.2.118"
source = "registry+https://github.com/rust-lang/crates.io-index"
checksum = "5fd04d9e306f1907bd13c6361b5c6bfc7b3b3c095ed3f8a9246390f8dbdee129"
dependencies = [
 "unicode-ident",
]

[[package]]
name = "web-sys"
version = "0.3.95"
source = "registry+https://github.com/rust-lang/crates.io-index"
checksum = "4f2dfbb17949fa2088e5d39408c48368947b86f7834484e87b73de55bc14d97d"
dependencies = [
 "js-sys",
 "wasm-bindgen",
]

[[package]]
name = "web-time"
version = "1.1.0"
source = "registry+https://github.com/rust-lang/crates.io-index"
checksum = "5a6580f308b1fad9207618087a65c04e7a10bc77e02c8e84e9b00dd4b12fa0bb"
dependencies = [
 "js-sys",
 "wasm-bindgen",
]

[[package]]
name = "webpki-roots"
version = "1.0.9"
source = "registry+https://github.com/rust-lang/crates.io-index"
checksum = "7dcd9d09a39985f5344844e66b0c530a33843579125f23e21e9f0f220850f22a"
dependencies = [
 "rustls-pki-types",
]

[[package]]
name = "winapi"
version = "0.3.9"
source = "registry+https://github.com/rust-lang/crates.io-index"
checksum = "5c839a674fcd7a98952e593242ea400abe93992746761e38641405d28b00f419"
dependencies = [
 "winapi-i686-pc-windows-gnu",
 "winapi-x86_64-pc-windows-gnu",
]

[[package]]
name = "winapi-i686-pc-windows-gnu"
version = "0.4.0"
source = "registry+https://github.com/rust-lang/crates.io-index"
checksum = "ac3b87c63620426dd9b991e5ce0329eff545bccbbb34f3be09ff6fb6ab51b7b6"

[[package]]
name = "winapi-x86_64-pc-windows-gnu"
version = "0.4.0"
source = "registry+https://github.com/rust-lang/crates.io-index"
checksum = "712e227841d057c1ee1cd2fb22fa7e5a5461ae8e48fa2ca79ec42cfc1931183f"

[[package]]
name = "windows-link"
version = "0.2.1"
source = "registry+https://github.com/rust-lang/crates.io-index"
checksum = "f0805222e57f7521d6a62e36fa9163bc891acd422f971defe97d64e70d0a4fe5"

[[package]]
name = "windows-sys"
version = "0.52.0"
source = "registry+https://github.com/rust-lang/crates.io-index"
checksum = "282be5f36a8ce781fad8c8ae18fa3f9beff57ec1b52cb3de0789201425d9a33d"
dependencies = [
 "windows-targets",
]

[[package]]
name = "windows-sys"
version = "0.59.0"
source = "registry+https://github.com/rust-lang/crates.io-index"
checksum = "1e38bc4d79ed67fd075bcc251a1c39b32a1776bbe92e5bef1f0bf1f8c531853b"
dependencies = [
 "windows-targets",
]

[[package]]
name = "windows-sys"
version = "0.61.2"
source = "registry+https://github.com/rust-lang/crates.io-index"
checksum = "ae137229bcbd6cdf0f7b80a31df61766145077ddf49416a728b02cb3921ff3fc"
dependencies = [
 "windows-link",
]

[[package]]
name = "windows-targets"
version = "0.52.6"
source = "registry+https://github.com/rust-lang/crates.io-index"
checksum = "9b724f72796e036ab90c1021d4780d4d3d648aca59e491e6b98e725b84e99973"
dependencies = [
 "windows_aarch64_gnullvm",
 "windows_aarch64_msvc",
 "windows_i686_gnu",
 "windows_i686_gnullvm",
 "windows_i686_msvc",
 "windows_x86_64_gnu",
 "windows_x86_64_gnullvm",
 "windows_x86_64_msvc",
]

[[package]]
name = "windows_aarch64_gnullvm"
version = "0.52.6"
source = "registry+https://github.com/rust-lang/crates.io-index"
checksum = "32a4622180e7a0ec044bb555404c800bc9fd9ec262ec147edd5989ccd0c02cd3"

[[package]]
name = "windows_aarch64_msvc"
version = "0.52.6"
source = "registry+https://github.com/rust-lang/crates.io-index"
checksum = "09ec2a7bb152e2252b53fa7803150007879548bc709c039df7627cabbd05d469"

[[package]]
name = "windows_i686_gnu"
version = "0.52.6"
source = "registry+https://github.com/rust-lang/crates.io-index"
checksum = "8e9b5ad5ab802e97eb8e295ac6720e509ee4c243f69d781394014ebfe8bbfa0b"

[[package]]
name = "windows_i686_gnullvm"
version = "0.52.6"
source = "registry+https://github.com/rust-lang/crates.io-index"
checksum = "0eee52d38c090b3caa76c563b86c3a4bd71ef1a819287c19d586d7334ae8ed66"

[[package]]
name = "windows_i686_msvc"
version = "0.52.6"
source = "registry+https://github.com/rust-lang/crates.io-index"
checksum = "240948bc05c5e7c6dabba28bf89d89ffce3e303022809e73deaefe4f6ec56c66"

[[package]]
name = "windows_x86_64_gnu"
version = "0.52.6"
source = "registry+https://github.com/rust-lang/crates.io-index"
checksum = "147a5c80aabfbf0c7d901cb5895d1de30ef2907eb21fbbab29ca94c5b08b1a78"

[[package]]
name = "windows_x86_64_gnullvm"
version = "0.52.6"
source = "registry+https://github.com/rust-lang/crates.io-index"
checksum = "24d5b23dc417412679681396f2b49f3de8c1473deb516bd34410872eff51ed0d"

[[package]]
name = "windows_x86_64_msvc"
version = "0.52.6"
source = "registry+https://github.com/rust-lang/crates.io-index"
checksum = "589f6da84c646204747d1270a2a5661ea66ed1cced2631d546fdfb155959f9ec"

[[package]]
name = "winnow"
version = "1.0.2"
source = "registry+https://github.com/rust-lang/crates.io-index"
checksum = "2ee1708bef14716a11bae175f579062d4554d95be2c6829f518df847b7b3fdd0"

[[package]]
name = "wit-bindgen"
version = "0.57.1"
source = "registry+https://github.com/rust-lang/crates.io-index"
checksum = "1ebf944e87a7c253233ad6766e082e3cd714b5d03812acc24c318f549614536e"

[[package]]
name = "zerocopy"
version = "0.8.48"
source = "registry+https://github.com/rust-lang/crates.io-index"
checksum = "eed437bf9d6692032087e337407a86f04cd8d6a16a37199ed57949d415bd68e9"
dependencies = [
 "zerocopy-derive",
]

[[package]]
name = "zerocopy-derive"
version = "0.8.48"
source = "registry+https://github.com/rust-lang/crates.io-index"
checksum = "70e3cd084b1788766f53af483dd21f93881ff30d7320490ec3ef7526d203bad4"
dependencies = [
 "proc-macro2",
 "quote",
 "syn 2.0.117",
]

[[package]]
name = "zeroize"
version = "1.8.2"
source = "registry+https://github.com/rust-lang/crates.io-index"
checksum = "b97154e67e32c85465826e8bcc1c59429aaaf107c1e4a9e53c8d8ccd5eff88d0"
dependencies = [
 "zeroize_derive",
]

[[package]]
name = "zeroize_derive"
version = "1.4.3"
source = "registry+https://github.com/rust-lang/crates.io-index"
checksum = "85a5b4158499876c763cb03bc4e49185d3cccbabb15b33c627f7884f43db852e"
dependencies = [
 "proc-macro2",
 "quote",
 "syn 2.0.117",
]

[[package]]
name = "zmij"
version = "1.0.21"
source = "registry+https://github.com/rust-lang/crates.io-index"
checksum = "b8848ee67ecc8aedbaf3e4122217aff892639231befc6a1b58d29fff4c2cabaa"
