name: Dependabot fuzz-lock realign

# Every Dependabot PR that moves the workspace `Cargo.lock` is born red on the
# required `cargo-deny` check, because the two tracked fuzz lockfiles are gated
# for parity with it (ADR-0011) and nothing updates them. This workflow runs
# `just realign-fuzz-locks` on the PR and pushes the result, so the chore stops
# being manual. See docs/ADR/0016-dependabot-fuzz-lock-auto-realign.md.
#
# `pull_request_target` + a write credential + PR-head content is the most
# exploited pattern in GitHub Actions. The one property that contains it here:
#
#   NO FILE FROM THE PR HEAD IS EVER EXECUTED.
#
# The job checks out the *base* commit and runs the base branch's `justfile`
# and `scripts/` against it. From the PR head it copies in exactly the files
# named `Cargo.toml` and `Cargo.lock`, which cargo reads as data — and reads
# with `cargo metadata`, which resolves and downloads but never compiles, so no
# `build.rs` and no proc-macro runs either. Everything the head could use to
# obtain execution — `.cargo/config.toml` and its `build.rustc` hook, a build
# script, the `justfile`, `scripts/` — stays at the base branch's version
# because it is never copied over.
#
# Supporting controls, none of which the above depends on:
#   * Fork PRs cannot satisfy the job condition (see it for why).
#   * `GITHUB_TOKEN` is scoped to `contents: read` and cannot push. The write
#     credential is a separate GitHub App installation token, minted in the
#     last two steps only and revoked when the job ends.
#   * A PR whose diff reaches past cargo manifests is skipped, so the workflow
#     only ever pushes to the kind of PR it was built for.
#
# The workflow file itself is always read from the base branch on
# `pull_request_target`, so every inline `run:` block below is trusted code.

on:
  # zizmor: ignore[dangerous-triggers]
  # `pull_request` is not usable: the `GITHUB_TOKEN` issued to a run on a
  # Dependabot-authored PR is read-only, so it cannot push the fix. Pushing
  # with `GITHUB_TOKEN` would not work either — pushes made with it do not
  # trigger workflows, so the realigned head would carry no CI runs at all and
  # the required checks would sit permanently "expected". A GitHub App
  # installation token is one of the two credentials GitHub documents as
  # exempt from that suppression, which is why the push below uses one. See
  # the header above for why the elevated-token-on-untrusted-head hazard does
  # not apply.
  pull_request_target:
    branches: [main]
    types: [opened, synchronize, reopened]
    paths:
      - 'Cargo.lock'

# Nothing at workflow level. The one job below asks for the read scope
# `actions/checkout` needs and nothing more.
permissions: {}

concurrency:
  group: fuzz-lock-realign-${{ github.event.pull_request.number }}
  cancel-in-progress: true

defaults:
  run:
    # The implicit shell is `bash -e {0}` — no `pipefail`. Naming it explicitly
    # gets `bash --noprofile --norc -eo pipefail {0}`, so a failure on the left
    # of a pipe below is not swallowed by the exit status of the right.
    shell: bash

env:
  CARGO_TERM_COLOR: always

jobs:
  realign:
    name: realign fuzz lockfiles
    # Two conditions carry the security weight, and each excludes an untrusted
    # head on its own.
    #
    # `pull_request.user.login` is the PR *author*, fixed when the PR is opened.
    # Unlike `github.actor` it does not change when a third party pushes to the
    # branch or re-runs the workflow, so it cannot be moved by anyone else.
    # `dependabot[bot]` is unimpersonable: `[` and `]` are not legal in a
    # GitHub login.
    #
    # `head.repo.full_name == github.repository` requires the head branch to
    # live in this repository rather than a fork — which excludes the entire
    # untrusted-contributor population, since pushing a branch here already
    # requires write access. A deleted fork yields `head.repo: null`, which
    # compares false.
    #
    # The actor terms carry none of that weight. Their only job is to stop the
    # workflow reacting to its own push, so they name exactly the one identity
    # that push arrives under: the realign App's installation. Run
    # 31138102525 is that push observed — actor `rusty-imap-realign[bot]`,
    # account id `314027065`, conclusion `skipped` — so both literals below
    # are read off a real run rather than assumed from the App slug. The App
    # push *does* start workflow runs, unlike a `GITHUB_TOKEN` push, so this
    # gate is what bounds the loop rather than the platform's own recursion
    # suppression. The realign is idempotent besides, which ADR-0016 records
    # as the independent backstop: a second run finds parity restored and
    # pushes nothing, so no further `synchronize` follows.
    #
    # Login *and* account id, both required — the second lock on the same
    # door, the way `core.symlinks=false` sits behind the file-mode check
    # further down.
    # An exclusion fails *open* where the old equality failed closed: if the
    # literal stops matching, the App's own push re-enters instead of simply
    # not running. The two ways it can stop matching have opposite blind
    # spots. Renaming the App changes the login and keeps the id; deleting and
    # re-registering it can keep the login and changes the id. Either term
    # alone would miss one of those; together they catch both, because the job
    # runs only when the actor differs from the App on *both* axes.
    #
    # It has to be `github.actor`/`github.actor_id` and not
    # `github.triggering_actor`. GitHub documents `github.actor` as "the
    # username of the user that triggered the initial workflow run" and
    # `github.actor_id` as "the account ID of the person or app that triggered
    # the initial workflow run", both unchanged by a re-run, while
    # `triggering_actor` is "the user that initiated the workflow run" and
    # does move (Actions contexts reference, `github` context). Run
    # 31136687519 is that divergence live: `run_attempt: 3`, actor
    # `dependabot[bot]`, triggering_actor `randomparity`. Gating on
    # `triggering_actor` would let a human re-run of the App's own push slip
    # past the exclusion and re-enter the job on the head the App just wrote.
    # The `initial workflow run` pair keeps answering "who caused the event
    # this run is reacting to" in both the fresh-event and the re-run case.
    #
    # This clause used to require `github.actor == 'dependabot[bot]'`, which
    # also skipped a human clicking "Update branch" — the push `strict` branch
    # protection requires before every merge, and the one that most often
    # re-drifts the fuzz lockfiles, because it brings a newer workspace
    # `Cargo.lock` onto the branch. Run 31136216134 is that defect: actor
    # `randomparity`, conclusion `skipped`, on a PR that then needed the
    # manual `just realign-fuzz-locks` commit this workflow exists to remove
    # (#763).
    #
    # Event matrix, in the style #754/#758 established for the SonarQube gate.
    # All four conditions are joined by `&&`, so every row below already has a
    # `dependabot[bot]`-authored PR whose head branch lives in this
    # repository; the actor is what varies.
    #   * Dependabot opens the PR, or force-pushes a rebase or recreate
    #     (`dependabot[bot]`) — runs, as before.
    #   * A human clicks "Update branch", or any collaborator pushes to the
    #     branch, or reopens the PR (`randomparity`, …) — now runs; skipped
    #     before. That is the #763 fix.
    #   * This workflow's own realign push (`rusty-imap-realign[bot]`,
    #     `314027065`) — skips, which is what bounds the loop.
    #   * A re-run of any row above — evaluates as the row it re-runs, because
    #     both actor terms stay the initial run's actor.
    #   * A fork PR, whatever the actor — skips on `head.repo.full_name`.
    #   * A non-Dependabot PR, whatever the actor — skips on the author.
    #
    # Excluding one identity admits every identity nobody thought of, so what
    # that widening admits is worth stating plainly. Pushing to a branch in
    # this repository requires write access and reopening a PR requires write
    # access or authorship, so the newly admitted population is this
    # repository's collaborators plus any App installed here with contents
    # write — the same population the `head.repo.full_name` clause already
    # trusts, and the population that can already land any commit on `main`
    # through a pull request. (Not the population that can push to `main`
    # directly: protection there is `strict` with force-pushes disabled, so
    # only an admin bypasses it.) No other *workflow* here pushes to a
    # Dependabot-authored PR branch — release.yml pushes only to its own
    # `chore/post-release-bump-v*` branch and to the tap repository — so
    # there is no second automated pusher for this job to ping-pong with.
    # Dependabot is the one other App that pushes to these branches, and the
    # note on the push step at the bottom of this file covers that
    # interaction: the realign push makes Dependabot stop auto-rebasing until
    # it is asked to.
    #
    # One consequence to know, because it is new. Under the old equality only
    # Dependabot's own events reached the manifest-only diff gate below, and
    # Dependabot never emits a wider diff, so that gate's `exit 1` was
    # effectively unreachable. Now a collaborator push or "Update branch" on a
    # Dependabot PR that carries a hand-edit — #600 added `deny.toml`, #605
    # added a source file — reaches it and fails it. That is a red
    # `realign fuzz lockfiles` check on the PRs a maintainer is already
    # hand-holding. It does not block merge (this job is not a required
    # context), but it is noisy: the same signal could be delivered without the
    # failure. Decision: the scope miss (non-manifest files) is a soft skip
    # (issue #773), while the empty-diff and symlink/submodule cases stay hard
    # failures because they indicate integrity problems. ADR-0016's framing of
    # the gate as "a scope guard, not the security control" is the basis; the
    # security properties (no head file is executed, no App token runs when
    # in_scope is false) are unchanged.
    #
    # This expression used to carry a `# zizmor: ignore[bot-conditions]`.
    # zizmor's `bot-conditions` audit matches an *equality* against a bot
    # login and does not fire on the exclusions below, so the ignore became a
    # no-op and is gone; restoring an `==` here would surface the finding
    # again, which is the right way round. The audit's underlying point still
    # holds — the actor terms are spoofable — and is still answered: spoofing
    # them in the direction that matters, making the job *run*, leaves both
    # weight-bearing conditions to satisfy, and spoofing them the other way
    # only suppresses the realign, which reinstates a manual chore rather than
    # granting anything. zizmor's recommended replacement,
    # `github.event.pull_request.user.login`, is already the first condition.
    if: >-
      github.event.pull_request.user.login == 'dependabot[bot]'
      && github.actor != 'rusty-imap-realign[bot]'
      && github.actor_id != '314027065'
      && github.event.pull_request.head.repo.full_name == github.repository
    runs-on: ubuntu-24.04
    # Scopes the App credentials to this job rather than to every workflow in
    # the repository, and puts each use in the deployment log. Do not attach
    # required reviewers to this environment — a human approval gate would
    # reinstate the manual step the workflow removes.
    environment: fuzz-lock-realign
    permissions:
      contents: read
    # `cargo metadata` must reach the registry, and a manifest in the PR may
    # name a slow or unreachable git source. Fail rather than hold the
    # concurrency group for the six-hour default.
    timeout-minutes: 15
    steps:
      # First, before anything is checked out. A missing credential is a hard
      # failure rather than a silent skip: the whole point of the workflow is
      # that nobody has to notice the chore, and a warning nobody reads would
      # restore exactly the manual step this removes.
      - name: Require the realign credential
        env:
          REALIGN_APP_ID: ${{ secrets.REALIGN_APP_ID }}
          REALIGN_APP_KEY: ${{ secrets.REALIGN_APP_KEY }}
        run: |
          if [ -z "$REALIGN_APP_ID" ] || [ -z "$REALIGN_APP_KEY" ]; then
            echo "::error::the realign GitHub App credentials are not" \
                 "configured. This workflow needs a credential that can push" \
                 "to branches in this repository; GITHUB_TOKEN cannot be used" \
                 "because pushes made with it do not re-trigger CI. Register a" \
                 "GitHub App owned by this account holding the repository" \
                 "permission Contents: read and write AND NOTHING ELSE — that" \
                 "narrowness is the point, since it is the token's whole" \
                 "ceiling. Install it on this repository only, and store its" \
                 "App ID as REALIGN_APP_ID and a generated private key (the" \
                 "whole PEM) as REALIGN_APP_KEY, both on the" \
                 "'fuzz-lock-realign' environment. See" \
                 "docs/ADR/0017-realign-push-uses-a-github-app-token.md."
            exit 1
          fi

      # The BASE commit — trusted code, and the tree everything below runs in.
      # `persist-credentials: false` keeps `GITHUB_TOKEN` out of `.git/config`;
      # the push step supplies its own credential and does not store it.
      - uses: actions/checkout@3d3c42e5aac5ba805825da76410c181273ba90b1  # v7.0.1
        with:
          ref: ${{ github.event.pull_request.base.sha }}
          persist-credentials: false
          # The gate below needs the merge base of the two commits, which a
          # shallow clone does not have.
          fetch-depth: 0

      # Fetch the head as an object, without checking it out. Everything from
      # here on is pinned to this one SHA — the diff that is inspected, the
      # manifests that are copied in, and the commit that is pushed are all the
      # same tree, so there is no window in which the branch can move between
      # what was validated and what was used.
      #
      # The checkout left no credential behind, so this fetch is anonymous and
      # works because the repository is public. It fails closed if that ever
      # changes.
      - name: Fetch the PR head
        env:
          HEAD_SHA: ${{ github.event.pull_request.head.sha }}
        run: git fetch --no-tags origin "$HEAD_SHA"

      # A scope guard, not the security control — the security control is that
      # nothing from the head is executed. This exists so the workflow only
      # ever pushes an automated commit to the kind of PR it was built for: an
      # ordinary Dependabot cargo bump, which changes manifests and lockfiles
      # and nothing else. Anything wider is somebody's hand-edit and gets the
      # manual treatment.
      #
      # The list comes from `git diff` between the two pinned SHAs rather than
      # from the API, which has a 3000-file response cap that truncates
      # silently. An empty list is a failure, not a pass: a gate that
      # under-reads its input passes vacuously, which is the same rule
      # scripts/check-fuzz-lock-parity.sh applies to itself.
      #
      # The comparison is against the *merge base*, not the base tip. A plain
      # two-dot `git diff BASE HEAD` also reports every commit that landed on
      # main after the PR branched, so it rejects any PR that is merely behind
      # — which, with `strict` branch protection on this repo, is most of them.
      #
      # The other direction — a head that has just *absorbed* main via "Update
      # branch" — is a live path since #763, so it is worth recording that it
      # works and why. `pull_request.base.sha` in the payload is refreshed by
      # the `synchronize`, so it is the main commit the update merged in, not
      # the PR's original branch point. Checked against PR #746: head
      # `34b5101d` is `Merge branch 'main' into …` with main-side parent
      # `e4535342`, and that PR's `base.sha` is `e4535342`. The merge base of
      # the two is therefore `e4535342` itself and the diff is the PR's own
      # three files, with none of main's. Were `base.sha` to lag instead, the
      # merge base would fall back to the older commit and this gate would
      # reject every updated PR.
      #
      # Decision: the scope miss is a soft skip (issue #773), while the
      # empty-diff and symlink/submodule cases stay hard failures because they
      # indicate integrity problems. See the comment in the `if:` block above.
      - name: Require a cargo-manifest-only diff
        id: scope
        env:
          BASE_SHA: ${{ github.event.pull_request.base.sha }}
          HEAD_SHA: ${{ github.event.pull_request.head.sha }}
        run: |
          merge_base="$(git merge-base "$BASE_SHA" "$HEAD_SHA")"
          echo "comparing $HEAD_SHA against merge base $merge_base"
          git diff --name-only "$merge_base" "$HEAD_SHA" \
            > "$RUNNER_TEMP/pr-files.txt"
          echo "PR touches:"
          sed 's/^/  /' "$RUNNER_TEMP/pr-files.txt"
          if [ ! -s "$RUNNER_TEMP/pr-files.txt" ]; then
            echo "::error::the diff between the base and the PR head is" \
                 "empty, which cannot be true of a PR that changed" \
                 "Cargo.lock. Refusing to proceed on an unread diff."
            exit 1
          fi
          if grep -vqE '^(.*/)?Cargo\.(toml|lock)$' "$RUNNER_TEMP/pr-files.txt"
          then
            echo "::notice::this PR changes files other than cargo manifests" \
                 "and lockfiles, so it is not an ordinary Dependabot cargo" \
                 "bump. Skipping automated realignment; run 'just" \
                 "realign-fuzz-locks' by hand after reviewing the diff."
            grep -vE '^(.*/)?Cargo\.(toml|lock)$' "$RUNNER_TEMP/pr-files.txt"
            echo "in_scope=false" >> "$GITHUB_OUTPUT"
            exit 0
          fi
          # A path regex cannot see a file's *mode*, and the overlay below
          # materializes whatever the head has. A manifest committed as a
          # symlink (mode 120000) would be recreated as a real symlink, and
          # the realign's `shutil.copyfile` writes *through* it — an arbitrary
          # out-of-tree write of head-controlled content, which is enough to
          # poison ~/.gitconfig and get execution out of the next `git` call.
          # Reject anything that is not a regular blob; 160000 covers a
          # manifest swapped for a submodule.
          #
          # Filtered with grep rather than with pathspecs, because `ls-tree`
          # does not run the full pathspec machinery: `*/Cargo.lock` matches
          # nothing there and `:(glob)` is rejected outright, so a pathspec
          # form of this check silently never fires. `checkout` and `ls-files`
          # do glob, which is why they are used that way elsewhere in this file.
          git ls-tree -r --format='%(objectmode) %(path)' "$HEAD_SHA" \
            > "$RUNNER_TEMP/head-tree.txt"
          if grep -qE '^1[26]0000 (.*/)?Cargo\.(toml|lock)$' \
               "$RUNNER_TEMP/head-tree.txt"; then
            echo "::error::a cargo manifest in the PR head is a symlink or a" \
                 "submodule, not a regular file. Refusing to process it."
            grep -E '^1[26]0000 (.*/)?Cargo\.(toml|lock)$' \
              "$RUNNER_TEMP/head-tree.txt"
            exit 1
          fi
          echo "in_scope=true" >> "$GITHUB_OUTPUT"

      # The only bytes from the PR head that reach the working tree. Two
      # pathspecs per filename rather than `*Cargo.toml`, which would also
      # match `NotCargo.toml`; git's default wildmatch lets `*` cross `/`, so
      # `*/Cargo.lock` reaches the nested fuzz workspace. Every manifest is
      # taken from the head, not just the changed ones, so the resulting set is
      # the head's by construction and does not depend on the diff above.
      #
      # `git reset` unstages them: the index stays at the base commit, so the
      # parity script's `git ls-files` discovery still enumerates the tracked
      # fuzz lockfiles.
      #
      # `core.symlinks=false` makes git write a symlink blob as an ordinary
      # file containing its target text rather than as a link, so nothing here
      # can be turned into a write that escapes the tree. The mode check in the
      # gate above already refuses such a blob; this is the second lock on the
      # same door, because it is the door the whole design stands behind. The
      # repo tracks no symlinks at all, so it changes nothing in the normal
      # case.
      - name: Overlay the PR's cargo manifests
        if: steps.scope.outputs.in_scope == 'true'
        env:
          HEAD_SHA: ${{ github.event.pull_request.head.sha }}
        run: |
          git -c core.symlinks=false checkout "$HEAD_SHA" -- \
            'Cargo.toml' 'Cargo.lock' '*/Cargo.toml' '*/Cargo.lock'
          git reset --quiet

      - uses: dtolnay/rust-toolchain@e97e2d8cc328f1b50210efc529dca0028893a2d9  # v1 (toolchain: 1.94.0) # zizmor: ignore[superfluous-actions]
        if: steps.scope.outputs.in_scope == 'true'
        with:
          toolchain: 1.94.0
      - uses: taiki-e/install-action@7f4eb899022d8fe70b20c4f3de697aa85c309026  # v2.85.11
        if: steps.scope.outputs.in_scope == 'true'
        with:
          tool: just

      # The base branch's recipe, the base branch's script. Underneath it is
      # `cargo metadata`: it seeds each fuzz lockfile from the workspace one,
      # resolves the fuzz graph against it, and downloads `.crate` files to
      # read their manifests. It compiles nothing, so nothing in the dependency
      # graph executes. The script restores the original lockfile if cargo
      # fails, so a red job never leaves a half-realigned tree.
      - name: Realign the fuzz lockfiles
        if: steps.scope.outputs.in_scope == 'true'
        run: just realign-fuzz-locks

      # Against the head's workspace lockfile, which is what the overlay put
      # in place — the same comparison the required `cargo-deny` job will make.
      # Nothing is pushed that would not pass the gate this exists to satisfy.
      - name: Re-check parity
        if: steps.scope.outputs.in_scope == 'true'
        run: just check-fuzz-lock-parity

      # Lift the realigned lockfiles out, then throw the whole working tree
      # away. What gets committed is built from the pristine head tree plus
      # these two files, so nothing else the realign or the overlay touched can
      # reach the PR even by accident.
      - name: Save the realigned lockfiles
        if: steps.scope.outputs.in_scope == 'true'
        run: |
          git ls-files 'fuzz/Cargo.lock' '*/fuzz/Cargo.lock' \
            > "$RUNNER_TEMP/fuzz-locks.txt"
          if [ ! -s "$RUNNER_TEMP/fuzz-locks.txt" ]; then
            echo "::error::no tracked fuzz lockfiles found; nothing to save."
            exit 1
          fi
          while IFS= read -r lock; do
            mkdir -p "$RUNNER_TEMP/locks/$(dirname "$lock")"
            cp "$lock" "$RUNNER_TEMP/locks/$lock"
          done < "$RUNNER_TEMP/fuzz-locks.txt"

      # This checkout needs no `core.symlinks=false`: the gate rejected a
      # symlinked manifest, and every non-manifest path in the head is
      # identical to the base — which tracks no symlinks. Forcing it off here
      # would instead corrupt the commit if the repo ever did track one.
      - name: Restore the PR head and apply the realignment
        id: apply
        if: steps.scope.outputs.in_scope == 'true'
        env:
          HEAD_SHA: ${{ github.event.pull_request.head.sha }}
        run: |
          git checkout --force "$HEAD_SHA"
          git clean -fdq
          while IFS= read -r lock; do
            cp "$RUNNER_TEMP/locks/$lock" "$lock"
          done < "$RUNNER_TEMP/fuzz-locks.txt"
          git status --porcelain > "$RUNNER_TEMP/status.txt"
          if [ ! -s "$RUNNER_TEMP/status.txt" ]; then
            echo "the fuzz lockfiles are already in parity; nothing to push"
            echo "changed=false" >> "$GITHUB_OUTPUT"
            exit 0
          fi
          echo "about to commit:"
          sed 's/^/  /' "$RUNNER_TEMP/status.txt"
          # Belt and braces: by construction only the saved lockfiles were
          # written back, so anything else here means an assumption broke.
          if cut -c4- "$RUNNER_TEMP/status.txt" \
              | grep -vqE '^(.*/)?fuzz/Cargo\.lock$'; then
            echo "::error::the tree carries changes outside the tracked fuzz" \
                 "lockfiles. Refusing to push."
            exit 1
          fi
          echo "changed=true" >> "$GITHUB_OUTPUT"

      # The push credential is minted here — last, after every byte of PR
      # content has been read, and only on the branch that actually pushes.
      # It is an App *installation* token, so it is a distinct identity from
      # any human account: branch protection applies to it, it expires in
      # about an hour, and the action revokes it in its post-step when the job
      # ends. `permission-contents: write` narrows it to the one scope the
      # push needs even if the installation is later granted more; `owner` and
      # `repositories` are left unset, which scopes the token to this
      # repository alone.
      - name: Mint the realign push token
        id: app-token
        if: steps.scope.outputs.in_scope == 'true' && steps.apply.outputs.changed == 'true'
        uses: actions/create-github-app-token@bcd2ba49218906704ab6c1aa796996da409d3eb1  # v3.2.0
        with:
          # `app-id` is deprecated upstream in favour of `client-id`, and
          # still supported. It is used here because the stored secret holds
          # the App ID; moving to `client-id` needs a different value, not a
          # rename. Tracked in docs/ADR/0017.
          app-id: ${{ secrets.REALIGN_APP_ID }}
          private-key: ${{ secrets.REALIGN_APP_KEY }}
          permission-contents: write

      # The credential enters this step's environment and nowhere else, after
      # all PR content has been read. It is passed to `git push` in the URL
      # rather than written into `.git/config`, so no later step inherits a
      # credentialed remote. Hooks are disabled: `.git/hooks` is base-branch
      # content and nothing untrusted ran, but a credentialed `git commit` is
      # not the place to rely on that.
      #
      # The push is a plain fast-forward. If Dependabot moved the branch since
      # this run started it fails rather than clobbering, and the resulting
      # `synchronize` starts a fresh run against the new head.
      #
      # Note this push makes Dependabot stop auto-rebasing the PR — it treats a
      # branch someone else has pushed to as no longer solely its own. Comment
      # `@dependabot rebase` to hand it back; the force-push that follows fires
      # `synchronize` and this workflow realigns the new head.
      - name: Commit and push the realignment
        if: steps.scope.outputs.in_scope == 'true' && steps.apply.outputs.changed == 'true'
        env:
          REALIGN_TOKEN: ${{ steps.app-token.outputs.token }}
          GH_REPO: ${{ github.repository }}
          HEAD_REF: ${{ github.event.pull_request.head.ref }}
        run: |
          git config --local core.hooksPath /dev/null
          git config --local user.name 'github-actions[bot]'
          git config --local user.email \
            '41898282+github-actions[bot]@users.noreply.github.com'
          # The same two pathspecs the parity script discovers the tracked set
          # with (FUZZ_LOCK_GLOBS). Plain pathspecs, not `:(glob)` magic —
          # git's default wildmatch lets `*` cross `/`, which is what reaches
          # the nested `crates/rimap-server/fuzz/Cargo.lock`.
          git add -- 'fuzz/Cargo.lock' '*/fuzz/Cargo.lock'
          git commit -m 'deps(fuzz): realign the fuzz lockfiles with the bumped workspace lock' \
                     -m 'Automated by .github/workflows/dependabot-fuzz-lock.yml (issue #698).'
          git push "https://x-access-token:${REALIGN_TOKEN}@github.com/${GH_REPO}.git" \
            "HEAD:refs/heads/${HEAD_REF}"